
Microsoft Visual Studio Solution File, Format Version 12.00
# Visual Studio 15
VisualStudioVersion = 15.0.27703.2026
MinimumVisualStudioVersion = 10.0.40219.1
Project("{FAE04EC0-301F-11D3-BF4B-00C04F79EFBC}") = "DBFirstDemo", "DBFirstDemo\DBFirstDemo.csproj", "{C0568ECD-C4C6-4C29-97FB-E7BFA0466D06}"
EndProject
Global
	GlobalSection(SolutionConfigurationPlatforms) = preSolution
		Debug|Any CPU = Debug|Any CPU
		Release|Any CPU = Release|Any CPU
	EndGlobalSection
	GlobalSection(ProjectConfigurationPlatforms) = postSolution
		{C0568ECD-C4C6-4C29-97FB-E7BFA0466D06}.Debug|Any CPU.ActiveCfg = Debug|Any CPU
		{C0568ECD-C4C6-4C29-97FB-E7BFA0466D06}.Debug|Any CPU.Build.0 = Debug|Any CPU
		{C0568ECD-C4C6-4C29-97FB-E7BFA0466D06}.Release|Any CPU.ActiveCfg = Release|Any CPU
		{C0568ECD-C4C6-4C29-97FB-E7BFA0466D06}.Release|Any CPU.Build.0 = Release|Any CPU
	EndGlobalSection
	GlobalSection(SolutionProperties) = preSolution
		HideSolutionNode = FALSE
	EndGlobalSection
	GlobalSection(ExtensibilityGlobals) = postSolution
		SolutionGuid = {6915E3F7-619F-44CF-92A1-03EB1BF626CF}
	EndGlobalSection
EndGlobal
